
Microsoft Visual Studio Solution File, Format Version 12.00
# Visual Studio Version 17
VisualStudioVersion = 17.7.34018.315
MinimumVisualStudioVersion = 10.0.40219.1
Project("{FAE04EC0-301F-11D3-BF4B-00C04F79EFBC}") = "StudentLibraryProject", "StudentLibraryProject\StudentLibraryProject.csproj", "{0FC28765-4C0D-4B71-A739-037C67DFD04E}"
EndProject
Global
	GlobalSection(SolutionConfigurationPlatforms) = preSolution
		Debug|Any CPU = Debug|Any CPU
		Release|Any CPU = Release|Any CPU
	EndGlobalSection
	GlobalSection(ProjectConfigurationPlatforms) = postSolution
		{0FC28765-4C0D-4B71-A739-037C67DFD04E}.Debug|Any CPU.ActiveCfg = Debug|Any CPU
		{0FC28765-4C0D-4B71-A739-037C67DFD04E}.Debug|Any CPU.Build.0 = Debug|Any CPU
		{0FC28765-4C0D-4B71-A739-037C67DFD04E}.Release|Any CPU.ActiveCfg = Release|Any CPU
		{0FC28765-4C0D-4B71-A739-037C67DFD04E}.Release|Any CPU.Build.0 = Release|Any CPU
	EndGlobalSection
	GlobalSection(SolutionProperties) = preSolution
		HideSolutionNode = FALSE
	EndGlobalSection
	GlobalSection(ExtensibilityGlobals) = postSolution
		SolutionGuid = {8E23EEB8-6ED6-4DE0-97CE-6B2109956547}
	EndGlobalSection
EndGlobal
